PODS:
  - JXPayKit/Alipay (0.0.3):
    - JXPayKit/Core
  - JXPayKit/ApplePay (0.0.3):
    - JXPayKit/Core
  - JXPayKit/Core (0.0.3)
  - JXPayKit/WXPay (0.0.3):
    - JXPayKit/Core
    - WechatOpenSDK (= 1.8.7.1)
  - WechatOpenSDK (1.8.7.1)

DEPENDENCIES:
  - JXPayKit/Alipay (from `../`)
  - JXPayKit/ApplePay (from `../`)
  - JXPayKit/Core (from `../`)
  - JXPayKit/WXPay (from `../`)

SPEC REPOS:
  trunk:
    - WechatOpenSDK

EXTERNAL SOURCES:
  JXPayKit:
    :path: "../"

SPEC CHECKSUMS:
  JXPayKit: b0e9287bb93ab22d76cdb8f4ab4d54e2e8f48cc8
  WechatOpenSDK: 6a4d1436c15b3b5fe2a0bd383f3046010186da44

PODFILE CHECKSUM: df9b24f2e7dfba27df43fdd1a6fccdeb30c3950d

COCOAPODS: 1.9.1
